
Microsoft Visual Studio Solution File, Format Version 12.00
# Visual Studio Version 17
VisualStudioVersion = 17.14.37328.6 d17.14
MinimumVisualStudioVersion = 10.0.40219.1
Project("{FAE04EC0-301F-11D3-BF4B-00C04F79EFBC}") = "ProjekatScada", "ProjekatScada\ProjekatScada.csproj", "{B4E1CE92-0832-42EF-97EF-3CA950A3D45F}"
EndProject
Global
	GlobalSection(SolutionConfigurationPlatforms) = preSolution
		Debug|Any CPU = Debug|Any CPU
		Release|Any CPU = Release|Any CPU
	EndGlobalSection
	GlobalSection(ProjectConfigurationPlatforms) = postSolution
		{B4E1CE92-0832-42EF-97EF-3CA950A3D45F}.Debug|Any CPU.ActiveCfg = Debug|Any CPU
		{B4E1CE92-0832-42EF-97EF-3CA950A3D45F}.Debug|Any CPU.Build.0 = Debug|Any CPU
		{B4E1CE92-0832-42EF-97EF-3CA950A3D45F}.Release|Any CPU.ActiveCfg = Release|Any CPU
		{B4E1CE92-0832-42EF-97EF-3CA950A3D45F}.Release|Any CPU.Build.0 = Release|Any CPU
	EndGlobalSection
	GlobalSection(SolutionProperties) = preSolution
		HideSolutionNode = FALSE
	EndGlobalSection
	GlobalSection(ExtensibilityGlobals) = postSolution
		SolutionGuid = {1318AC00-2459-4870-8F22-D5E068CDE76D}
	EndGlobalSection
EndGlobal
